<?xml version="1.0" encoding="utf-8"?>
<Project ToolsVersion="4.0" xmlns="http://schemas.microsoft.com/developer/msbuild/2003">
  <ItemGroup>
    <Filter Include="Файлы исходного кода">
      <UniqueIdentifier>{4FC737F1-C7A5-4376-A066-2A32D752A2FF}</UniqueIdentifier>
      <Extensions>cpp;c;cc;cxx;def;odl;idl;hpj;bat;asm;asmx</Extensions>
    </Filter>
    <Filter Include="Заголовочные файлы">
      <UniqueIdentifier>{93995380-89BD-4b04-88EB-625FBE52EBFB}</UniqueIdentifier>
      <Extensions>h;hpp;hxx;hm;inl;inc;xsd</Extensions>
    </Filter>
    <Filter Include="Файлы ресурсов">
      <UniqueIdentifier>{67DA6AB6-F800-4c08-8B7A-83BB121AAD01}</UniqueIdentifier>
      <Extensions>rc;ico;cur;bmp;dlg;rc2;rct;bin;rgs;gif;jpg;jpeg;jpe;resx;tiff;tif;png;wav;mfcribbon-ms</Extensions>
    </Filter>
    <Filter Include="lib">
      <UniqueIdentifier>{308dd8b1-cb86-4332-8dfa-528967d33e94}</UniqueIdentifier>
    </Filter>
    <Filter Include="lib\include">
      <UniqueIdentifier>{c624e28e-52da-4b4f-b033-3b70b9c21c89}</UniqueIdentifier>
    </Filter>
    <Filter Include="lib\source">
      <UniqueIdentifier>{40beb22b-2dd5-4130-89a2-2624764a1dd3}</UniqueIdentifier>
    </Filter>
  </ItemGroup>
  <ItemGroup>
    <ClCompile Include="main.cpp">
      <Filter>Файлы исходного кода</Filter>
    </ClCompile>
    <ClCompile Include="cubeblock.cpp">
      <Filter>Файлы исходного кода</Filter>
    </ClCompile>
    <ClCompile Include="glframe.cpp">
      <Filter>Файлы исходного кода</Filter>
    </ClCompile>
    <ClCompile Include="mainwindow.cpp">
      <Filter>Файлы исходного кода</Filter>
    </ClCompile>
    <ClCompile Include="cube.cpp">
      <Filter>Файлы исходного кода</Filter>
    </ClCompile>
    <ClCompile Include="lib\source\basewindow.cpp">
      <Filter>lib\source</Filter>
    </ClCompile>
    <ClCompile Include="lib\source\glwindow.cpp">
      <Filter>lib\source</Filter>
    </ClCompile>
    <ClCompile Include="lib\source\quaternion.cpp">
      <Filter>lib\source</Filter>
    </ClCompile>
    <ClCompile Include="lib\source\shader.cpp">
      <Filter>lib\source</Filter>
    </ClCompile>
    <ClCompile Include="lib\source\transform.cpp">
      <Filter>lib\source</Filter>
    </ClCompile>
    <ClCompile Include="lib\source\vertexbuffer.cpp">
      <Filter>lib\source</Filter>
    </ClCompile>
    <ClCompile Include="lib\source\mesh.cpp">
      <Filter>lib\source</Filter>
    </ClCompile>
    <ClCompile Include="lib\source\texture.cpp">
      <Filter>lib\source</Filter>
    </ClCompile>
    <ClCompile Include="lib\source\glcontext.cpp">
      <Filter>lib\source</Filter>
    </ClCompile>
    <ClCompile Include="cubecontext.cpp">
      <Filter>Файлы исходного кода</Filter>
    </ClCompile>
    <ClCompile Include="lib\source\text2d.cpp">
      <Filter>lib\source</Filter>
    </ClCompile>
    <ClCompile Include="lib\source\trackball.cpp">
      <Filter>lib\source</Filter>
    </ClCompile>
  </ItemGroup>
  <ItemGroup>
    <ClInclude Include="cubeblock.h">
      <Filter>Заголовочные файлы</Filter>
    </ClInclude>
    <ClInclude Include="glframe.h">
      <Filter>Заголовочные файлы</Filter>
    </ClInclude>
    <ClInclude Include="mainwindow.h">
      <Filter>Заголовочные файлы</Filter>
    </ClInclude>
    <ClInclude Include="resources.h">
      <Filter>Заголовочные файлы</Filter>
    </ClInclude>
    <ClInclude Include="cube.h">
      <Filter>Заголовочные файлы</Filter>
    </ClInclude>
    <ClInclude Include="lib\include\basewindow.h">
      <Filter>lib\include</Filter>
    </ClInclude>
    <ClInclude Include="lib\include\common.h">
      <Filter>lib\include</Filter>
    </ClInclude>
    <ClInclude Include="lib\include\datatypes.h">
      <Filter>lib\include</Filter>
    </ClInclude>
    <ClInclude Include="lib\include\glwindow.h">
      <Filter>lib\include</Filter>
    </ClInclude>
    <ClInclude Include="lib\include\qslerp.h">
      <Filter>lib\include</Filter>
    </ClInclude>
    <ClInclude Include="lib\include\quaternion.h">
      <Filter>lib\include</Filter>
    </ClInclude>
    <ClInclude Include="lib\include\shader.h">
      <Filter>lib\include</Filter>
    </ClInclude>
    <ClInclude Include="lib\include\transform.h">
      <Filter>lib\include</Filter>
    </ClInclude>
    <ClInclude Include="lib\include\vertexbuffer.h">
      <Filter>lib\include</Filter>
    </ClInclude>
    <ClInclude Include="lib\include\mesh.h">
      <Filter>lib\include</Filter>
    </ClInclude>
    <ClInclude Include="lib\include\texture.h">
      <Filter>lib\include</Filter>
    </ClInclude>
    <ClInclude Include="lib\include\glcontext.h">
      <Filter>lib\include</Filter>
    </ClInclude>
    <ClInclude Include="cubecontext.h">
      <Filter>Заголовочные файлы</Filter>
    </ClInclude>
    <ClInclude Include="lib\include\sharedptr.h">
      <Filter>lib\include</Filter>
    </ClInclude>
    <ClInclude Include="lib\include\text2d.h">
      <Filter>lib\include</Filter>
    </ClInclude>
    <ClInclude Include="lib\include\trackball.h">
      <Filter>lib\include</Filter>
    </ClInclude>
  </ItemGroup>
  <ItemGroup>
    <None Include="lib\include\datatypes.inl">
      <Filter>lib\include</Filter>
    </None>
  </ItemGroup>
  <ItemGroup>
    <Manifest Include="cubex.exe.manifest" />
  </ItemGroup>
  <ItemGroup>
    <ResourceCompile Include="resources.rc">
      <Filter>Файлы ресурсов</Filter>
    </ResourceCompile>
  </ItemGroup>
  <ItemGroup>
    <Image Include="icons\about.ico">
      <Filter>Файлы ресурсов</Filter>
    </Image>
    <Image Include="icons\app.ico">
      <Filter>Файлы ресурсов</Filter>
    </Image>
    <Image Include="icons\cancel.ico">
      <Filter>Файлы ресурсов</Filter>
    </Image>
    <Image Include="icons\cancel_grayed.ico">
      <Filter>Файлы ресурсов</Filter>
    </Image>
    <Image Include="icons\newgame.ico">
      <Filter>Файлы ресурсов</Filter>
    </Image>
    <Image Include="icons\scramble.ico">
      <Filter>Файлы ресурсов</Filter>
    </Image>
    <Image Include="icons\settings.ico">
      <Filter>Файлы ресурсов</Filter>
    </Image>
  </ItemGroup>
</Project>